
Microsoft Visual Studio Solution File, Format Version 12.00
# Visual Studio Version 17
VisualStudioVersion = 17.14.36623.8
MinimumVisualStudioVersion = 10.0.40219.1
Project("{FAE04EC0-301F-11D3-BF4B-00C04F79EFBC}") = "Wasl.Api", "Wasl.Api\Wasl.Api.csproj", "{1257EEE0-137B-49EE-92AA-728674651E0B}"
EndProject
Project("{FAE04EC0-301F-11D3-BF4B-00C04F79EFBC}") = "Wasl.Domain", "Wasl.Domain\Wasl.Domain.csproj", "{D5F81274-977B-4984-8041-FEA4A663787A}"
EndProject
Project("{FAE04EC0-301F-11D3-BF4B-00C04F79EFBC}") = "Wasl.Application", "Wasl.Application\Wasl.Application.csproj", "{97279415-13A4-42B4-B662-7DCBDB6525EE}"
EndProject
Project("{FAE04EC0-301F-11D3-BF4B-00C04F79EFBC}") = "Wasl.Infrastructure", "Wasl.Infrastructure\Wasl.Infrastructure.csproj", "{6409EA22-9038-4547-8127-B476E6C7BAD3}"
EndProject
Global
	GlobalSection(SolutionConfigurationPlatforms) = preSolution
		Debug|Any CPU = Debug|Any CPU
		Release|Any CPU = Release|Any CPU
	EndGlobalSection
	GlobalSection(ProjectConfigurationPlatforms) = postSolution
		{1257EEE0-137B-49EE-92AA-728674651E0B}.Debug|Any CPU.ActiveCfg = Debug|Any CPU
		{1257EEE0-137B-49EE-92AA-728674651E0B}.Debug|Any CPU.Build.0 = Debug|Any CPU
		{1257EEE0-137B-49EE-92AA-728674651E0B}.Release|Any CPU.ActiveCfg = Release|Any CPU
		{1257EEE0-137B-49EE-92AA-728674651E0B}.Release|Any CPU.Build.0 = Release|Any CPU
		{D5F81274-977B-4984-8041-FEA4A663787A}.Debug|Any CPU.ActiveCfg = Debug|Any CPU
		{D5F81274-977B-4984-8041-FEA4A663787A}.Debug|Any CPU.Build.0 = Debug|Any CPU
		{D5F81274-977B-4984-8041-FEA4A663787A}.Release|Any CPU.ActiveCfg = Release|Any CPU
		{D5F81274-977B-4984-8041-FEA4A663787A}.Release|Any CPU.Build.0 = Release|Any CPU
		{97279415-13A4-42B4-B662-7DCBDB6525EE}.Debug|Any CPU.ActiveCfg = Debug|Any CPU
		{97279415-13A4-42B4-B662-7DCBDB6525EE}.Debug|Any CPU.Build.0 = Debug|Any CPU
		{97279415-13A4-42B4-B662-7DCBDB6525EE}.Release|Any CPU.ActiveCfg = Release|Any CPU
		{97279415-13A4-42B4-B662-7DCBDB6525EE}.Release|Any CPU.Build.0 = Release|Any CPU
		{6409EA22-9038-4547-8127-B476E6C7BAD3}.Debug|Any CPU.ActiveCfg = Debug|Any CPU
		{6409EA22-9038-4547-8127-B476E6C7BAD3}.Debug|Any CPU.Build.0 = Debug|Any CPU
		{6409EA22-9038-4547-8127-B476E6C7BAD3}.Release|Any CPU.ActiveCfg = Release|Any CPU
		{6409EA22-9038-4547-8127-B476E6C7BAD3}.Release|Any CPU.Build.0 = Release|Any CPU
	EndGlobalSection
	GlobalSection(SolutionProperties) = preSolution
		HideSolutionNode = FALSE
	EndGlobalSection
	GlobalSection(ExtensibilityGlobals) = postSolution
		SolutionGuid = {934FE940-2169-417E-AB82-8EBFADDE587F}
	EndGlobalSection
EndGlobal
